
Microsoft Visual Studio Solution File, Format Version 12.00
# Visual Studio 15
VisualStudioVersion = 15.0.26124.0
MinimumVisualStudioVersion = 15.0.26124.0
Project("{FAE04EC0-301F-11D3-BF4B-00C04F79EFBC}") = "R5T.Smyni.Norsica.Construction", "R5T.Smyni.Norsica.Construction\R5T.Smyni.Norsica.Construction.csproj", "{FA0A6C17-7A3D-4D7B-9465-D61C22030BB8}"
EndProject
Project("{FAE04EC0-301F-11D3-BF4B-00C04F79EFBC}") = "R5T.Smyni.Norsica", "R5T.Smyni.Norsica\R5T.Smyni.Norsica.csproj", "{F26E5523-AA91-4937-BAD7-F1121937579F}"
EndProject
Project("{FAE04EC0-301F-11D3-BF4B-00C04F79EFBC}") = "R5T.Smyni.Norsica.Testing", "R5T.Smyni.Norsica.Testing\R5T.Smyni.Norsica.Testing.csproj", "{69611730-8F61-4603-B3F8-07524E4A2F56}"
EndProject
Global
	GlobalSection(SolutionConfigurationPlatforms) = preSolution
		Debug|Any CPU = Debug|Any CPU
		Debug|x64 = Debug|x64
		Debug|x86 = Debug|x86
		Release|Any CPU = Release|Any CPU
		Release|x64 = Release|x64
		Release|x86 = Release|x86
	EndGlobalSection
	GlobalSection(SolutionProperties) = preSolution
		HideSolutionNode = FALSE
	EndGlobalSection
	GlobalSection(ProjectConfigurationPlatforms) = postSolution
		{FA0A6C17-7A3D-4D7B-9465-D61C22030BB8}.Debug|Any CPU.ActiveCfg = Debug|Any CPU
		{FA0A6C17-7A3D-4D7B-9465-D61C22030BB8}.Debug|Any CPU.Build.0 = Debug|Any CPU
		{FA0A6C17-7A3D-4D7B-9465-D61C22030BB8}.Debug|x64.ActiveCfg = Debug|Any CPU
		{FA0A6C17-7A3D-4D7B-9465-D61C22030BB8}.Debug|x64.Build.0 = Debug|Any CPU
		{FA0A6C17-7A3D-4D7B-9465-D61C22030BB8}.Debug|x86.ActiveCfg = Debug|Any CPU
		{FA0A6C17-7A3D-4D7B-9465-D61C22030BB8}.Debug|x86.Build.0 = Debug|Any CPU
		{FA0A6C17-7A3D-4D7B-9465-D61C22030BB8}.Release|Any CPU.ActiveCfg = Release|Any CPU
		{FA0A6C17-7A3D-4D7B-9465-D61C22030BB8}.Release|Any CPU.Build.0 = Release|Any CPU
		{FA0A6C17-7A3D-4D7B-9465-D61C22030BB8}.Release|x64.ActiveCfg = Release|Any CPU
		{FA0A6C17-7A3D-4D7B-9465-D61C22030BB8}.Release|x64.Build.0 = Release|Any CPU
		{FA0A6C17-7A3D-4D7B-9465-D61C22030BB8}.Release|x86.ActiveCfg = Release|Any CPU
		{FA0A6C17-7A3D-4D7B-9465-D61C22030BB8}.Release|x86.Build.0 = Release|Any CPU
		{F26E5523-AA91-4937-BAD7-F1121937579F}.Debug|Any CPU.ActiveCfg = Debug|Any CPU
		{F26E5523-AA91-4937-BAD7-F1121937579F}.Debug|Any CPU.Build.0 = Debug|Any CPU
		{F26E5523-AA91-4937-BAD7-F1121937579F}.Debug|x64.ActiveCfg = Debug|Any CPU
		{F26E5523-AA91-4937-BAD7-F1121937579F}.Debug|x64.Build.0 = Debug|Any CPU
		{F26E5523-AA91-4937-BAD7-F1121937579F}.Debug|x86.ActiveCfg = Debug|Any CPU
		{F26E5523-AA91-4937-BAD7-F1121937579F}.Debug|x86.Build.0 = Debug|Any CPU
		{F26E5523-AA91-4937-BAD7-F1121937579F}.Release|Any CPU.ActiveCfg = Release|Any CPU
		{F26E5523-AA91-4937-BAD7-F1121937579F}.Release|Any CPU.Build.0 = Release|Any CPU
		{F26E5523-AA91-4937-BAD7-F1121937579F}.Release|x64.ActiveCfg = Release|Any CPU
		{F26E5523-AA91-4937-BAD7-F1121937579F}.Release|x64.Build.0 = Release|Any CPU
		{F26E5523-AA91-4937-BAD7-F1121937579F}.Release|x86.ActiveCfg = Release|Any CPU
		{F26E5523-AA91-4937-BAD7-F1121937579F}.Release|x86.Build.0 = Release|Any CPU
		{69611730-8F61-4603-B3F8-07524E4A2F56}.Debug|Any CPU.ActiveCfg = Debug|Any CPU
		{69611730-8F61-4603-B3F8-07524E4A2F56}.Debug|Any CPU.Build.0 = Debug|Any CPU
		{69611730-8F61-4603-B3F8-07524E4A2F56}.Debug|x64.ActiveCfg = Debug|Any CPU
		{69611730-8F61-4603-B3F8-07524E4A2F56}.Debug|x64.Build.0 = Debug|Any CPU
		{69611730-8F61-4603-B3F8-07524E4A2F56}.Debug|x86.ActiveCfg = Debug|Any CPU
		{69611730-8F61-4603-B3F8-07524E4A2F56}.Debug|x86.Build.0 = Debug|Any CPU
		{69611730-8F61-4603-B3F8-07524E4A2F56}.Release|Any CPU.ActiveCfg = Release|Any CPU
		{69611730-8F61-4603-B3F8-07524E4A2F56}.Release|Any CPU.Build.0 = Release|Any CPU
		{69611730-8F61-4603-B3F8-07524E4A2F56}.Release|x64.ActiveCfg = Release|Any CPU
		{69611730-8F61-4603-B3F8-07524E4A2F56}.Release|x64.Build.0 = Release|Any CPU
		{69611730-8F61-4603-B3F8-07524E4A2F56}.Release|x86.ActiveCfg = Release|Any CPU
		{69611730-8F61-4603-B3F8-07524E4A2F56}.Release|x86.Build.0 = Release|Any CPU
	EndGlobalSection
EndGlobal
