
Microsoft Visual Studio Solution File, Format Version 12.00
# Visual Studio 15
VisualStudioVersion = 15.0.26124.0
MinimumVisualStudioVersion = 15.0.26124.0
Project("{9A19103F-16F7-4668-BE54-9A1E7A4F7556}") = "R5T.Smyni.Norsica.Construction", "R5T.Smyni.Norsica.Construction\R5T.Smyni.Norsica.Construction.csproj", "{FA0A6C17-7A3D-4D7B-9465-D61C22030BB8}"
EndProject
Project("{9A19103F-16F7-4668-BE54-9A1E7A4F7556}") = "R5T.Smyni.Norsica", "R5T.Smyni.Norsica\R5T.Smyni.Norsica.csproj", "{F26E5523-AA91-4937-BAD7-F1121937579F}"
EndProject
Project("{9A19103F-16F7-4668-BE54-9A1E7A4F7556}") = "R5T.Smyni.Norsica.Testing", "R5T.Smyni.Norsica.Testing\R5T.Smyni.Norsica.Testing.csproj", "{69611730-8F61-4603-B3F8-07524E4A2F56}"
EndProject
Project("{2150E333-8FDC-42A3-9474-1A3956D46DE8}") = "_Dependencies", "_Dependencies", "{CBF6E164-D8D8-43D6-B3F6-F045B006342B}"
EndProject
Project("{9A19103F-16F7-4668-BE54-9A1E7A4F7556}") = "R5T.Smyni.Base", "..\..\R5T.Smyni.Base\source\R5T.Smyni.Base\R5T.Smyni.Base.csproj", "{62895BC2-E3B3-4CCD-8085-486221D2A050}"
EndProject
Project("{9A19103F-16F7-4668-BE54-9A1E7A4F7556}") = "R5T.Norsica.Standard", "..\..\R5T.Norsica.Standard\source\R5T.Norsica.Standard\R5T.Norsica.Standard.csproj", "{832D3217-7144-4D8A-BA28-E9CC5318F304}"
EndProject
Project("{9A19103F-16F7-4668-BE54-9A1E7A4F7556}") = "R5T.Caledonia.Default", "..\..\R5T.Caledonia.Default\source\R5T.Caledonia.Default\R5T.Caledonia.Default.csproj", "{45562984-7DDF-4B0E-809D-00C87CF93380}"
EndProject
Project("{9A19103F-16F7-4668-BE54-9A1E7A4F7556}") = "R5T.Caledonia.Base", "..\..\R5T.Caledonia.Base\source\R5T.Caledonia.Base\R5T.Caledonia.Base.csproj", "{6C0B7F5E-4D72-4177-AD7B-221819767FCF}"
EndProject
Project("{9A19103F-16F7-4668-BE54-9A1E7A4F7556}") = "R5T.Caledonia.Types", "..\..\R5T.Caledonia.Types\source\R5T.Caledonia.Types\R5T.Caledonia.Types.csproj", "{E1988473-7369-435C-8CB7-CDDFF1FC2CAD}"
EndProject
Project("{9A19103F-16F7-4668-BE54-9A1E7A4F7556}") = "R5T.Magyar", "..\..\R5T.Magyar\source\R5T.Magyar\R5T.Magyar.csproj", "{A3AD1896-5683-4765-BA97-90633070C0D1}"
EndProject
Project("{9A19103F-16F7-4668-BE54-9A1E7A4F7556}") = "R5T.Norsica.Configuration.Sardinia", "..\..\R5T.Norsica.Configuration.Sardinia\source\R5T.Norsica.Configuration.Sardinia\R5T.Norsica.Configuration.Sardinia.csproj", "{47745EAC-8870-4CEA-B8CE-F7A3B795A689}"
EndProject
Project("{9A19103F-16F7-4668-BE54-9A1E7A4F7556}") = "R5T.Norsica.Configuration", "..\..\R5T.Norsica.Configuration\source\R5T.Norsica.Configuration\R5T.Norsica.Configuration.csproj", "{568E6C9A-DB86-48BF-A155-51A6AC200577}"
EndProject
Project("{9A19103F-16F7-4668-BE54-9A1E7A4F7556}") = "R5T.Sardinia", "..\..\R5T.Sardinia\source\R5T.Sardinia\R5T.Sardinia.csproj", "{3666A7D2-7E74-44A5-8A26-E7F868D8C4D7}"
EndProject
Project("{9A19103F-16F7-4668-BE54-9A1E7A4F7556}") = "R5T.Chamavia", "..\..\R5T.Chamavia\source\R5T.Chamavia\R5T.Chamavia.csproj", "{ADD0F384-F108-4899-863C-F570F428F28A}"
EndProject
Project("{9A19103F-16F7-4668-BE54-9A1E7A4F7556}") = "R5T.Dacia", "..\..\R5T.Dacia\source\R5T.Dacia\R5T.Dacia.csproj", "{19510597-2C14-40A0-AF83-9CB41C3B288F}"
EndProject
Project("{9A19103F-16F7-4668-BE54-9A1E7A4F7556}") = "R5T.Opatia", "..\..\R5T.Opatia\source\R5T.Opatia\R5T.Opatia.csproj", "{D69AFD62-802C-44EA-98AB-31B338360BF0}"
EndProject
Project("{9A19103F-16F7-4668-BE54-9A1E7A4F7556}") = "R5T.Norsica.Configuration.Suebia", "..\..\R5T.Norsica.Configuration.Suebia\source\R5T.Norsica.Configuration.Suebia\R5T.Norsica.Configuration.Suebia.csproj", "{420136CE-73D3-4480-B9DA-EB93D30BC6C5}"
EndProject
Project("{9A19103F-16F7-4668-BE54-9A1E7A4F7556}") = "R5T.Suebia.Extensions", "..\..\R5T.Suebia.Extensions\source\R5T.Suebia.Extensions\R5T.Suebia.Extensions.csproj", "{10517C73-BDEF-4207-94D1-19A266752E8D}"
EndProject
Project("{9A19103F-16F7-4668-BE54-9A1E7A4F7556}") = "R5T.Suebia.Base", "..\..\R5T.Suebia.Base\source\R5T.Suebia.Base\R5T.Suebia.Base.csproj", "{F8A658B9-9C25-4465-818D-558EC84D7C48}"
EndProject
Project("{9A19103F-16F7-4668-BE54-9A1E7A4F7556}") = "R5T.Norsica.Default", "..\..\R5T.Norsica.Default\source\R5T.Norsica.Default\R5T.Norsica.Default.csproj", "{266BFD28-3FFE-456C-9E06-E606393E2174}"
EndProject
Project("{9A19103F-16F7-4668-BE54-9A1E7A4F7556}") = "R5T.Norsica.Base", "..\..\R5T.Norsica.Base\source\R5T.Norsica.Base\R5T.Norsica.Base.csproj", "{1290C308-8AED-4A77-A4B1-0CE1221D22FE}"
EndProject
Project("{9A19103F-16F7-4668-BE54-9A1E7A4F7556}") = "R5T.Norsica.Commands", "..\..\R5T.Norsica.Commands\source\R5T.Norsica.Commands\R5T.Norsica.Commands.csproj", "{0F4310BB-5280-4427-98A2-559CA9E43222}"
EndProject
Project("{9A19103F-16F7-4668-BE54-9A1E7A4F7556}") = "R5T.Heraklion", "..\..\R5T.Heraklion\source\R5T.Heraklion\R5T.Heraklion.csproj", "{D3D0C4B4-25A1-4576-B878-91BFB102E161}"
EndProject
Project("{9A19103F-16F7-4668-BE54-9A1E7A4F7556}") = "R5T.Piraeus", "..\..\R5T.Piraeus\source\R5T.Piraeus\R5T.Piraeus.csproj", "{999B662A-A0A2-48AA-BC75-0074D3FB6A16}"
EndProject
Project("{9A19103F-16F7-4668-BE54-9A1E7A4F7556}") = "R5T.Volos", "..\..\R5T.Volos\source\R5T.Volos\R5T.Volos.csproj", "{716AC70D-7521-4B01-9305-30EECBBF1F55}"
EndProject
Project("{9A19103F-16F7-4668-BE54-9A1E7A4F7556}") = "R5T.Heraklion.Default", "..\..\R5T.Heraklion.Default\source\R5T.Heraklion.Default\R5T.Heraklion.Default.csproj", "{29CEE371-F87C-4034-8054-A81B01210AFF}"
EndProject
Project("{9A19103F-16F7-4668-BE54-9A1E7A4F7556}") = "R5T.Piraeus.StringBuilder", "..\..\R5T.Piraeus.StringBuilder\source\R5T.Piraeus.StringBuilder\R5T.Piraeus.StringBuilder.csproj", "{C08584BB-BA57-48BA-8CB8-35334C35D335}"
EndProject
Project("{FAE04EC0-301F-11D3-BF4B-00C04F79EFBC}") = "R5T.T0064", "..\..\R5T.T0064\source\R5T.T0064\R5T.T0064.csproj", "{A8147F48-9C71-4F65-88B3-9641E27FED4F}"
EndProject
Global
	GlobalSection(SolutionConfigurationPlatforms) = preSolution
		Debug|Any CPU = Debug|Any CPU
		Debug|x64 = Debug|x64
		Debug|x86 = Debug|x86
		Release|Any CPU = Release|Any CPU
		Release|x64 = Release|x64
		Release|x86 = Release|x86
	EndGlobalSection
	GlobalSection(ProjectConfigurationPlatforms) = postSolution
		{FA0A6C17-7A3D-4D7B-9465-D61C22030BB8}.Debug|Any CPU.ActiveCfg = Debug|Any CPU
		{FA0A6C17-7A3D-4D7B-9465-D61C22030BB8}.Debug|Any CPU.Build.0 = Debug|Any CPU
		{FA0A6C17-7A3D-4D7B-9465-D61C22030BB8}.Debug|x64.ActiveCfg = Debug|Any CPU
		{FA0A6C17-7A3D-4D7B-9465-D61C22030BB8}.Debug|x64.Build.0 = Debug|Any CPU
		{FA0A6C17-7A3D-4D7B-9465-D61C22030BB8}.Debug|x86.ActiveCfg = Debug|Any CPU
		{FA0A6C17-7A3D-4D7B-9465-D61C22030BB8}.Debug|x86.Build.0 = Debug|Any CPU
		{FA0A6C17-7A3D-4D7B-9465-D61C22030BB8}.Release|Any CPU.ActiveCfg = Release|Any CPU
		{FA0A6C17-7A3D-4D7B-9465-D61C22030BB8}.Release|Any CPU.Build.0 = Release|Any CPU
		{FA0A6C17-7A3D-4D7B-9465-D61C22030BB8}.Release|x64.ActiveCfg = Release|Any CPU
		{FA0A6C17-7A3D-4D7B-9465-D61C22030BB8}.Release|x64.Build.0 = Release|Any CPU
		{FA0A6C17-7A3D-4D7B-9465-D61C22030BB8}.Release|x86.ActiveCfg = Release|Any CPU
		{FA0A6C17-7A3D-4D7B-9465-D61C22030BB8}.Release|x86.Build.0 = Release|Any CPU
		{F26E5523-AA91-4937-BAD7-F1121937579F}.Debug|Any CPU.ActiveCfg = Debug|Any CPU
		{F26E5523-AA91-4937-BAD7-F1121937579F}.Debug|Any CPU.Build.0 = Debug|Any CPU
		{F26E5523-AA91-4937-BAD7-F1121937579F}.Debug|x64.ActiveCfg = Debug|Any CPU
		{F26E5523-AA91-4937-BAD7-F1121937579F}.Debug|x64.Build.0 = Debug|Any CPU
		{F26E5523-AA91-4937-BAD7-F1121937579F}.Debug|x86.ActiveCfg = Debug|Any CPU
		{F26E5523-AA91-4937-BAD7-F1121937579F}.Debug|x86.Build.0 = Debug|Any CPU
		{F26E5523-AA91-4937-BAD7-F1121937579F}.Release|Any CPU.ActiveCfg = Release|Any CPU
		{F26E5523-AA91-4937-BAD7-F1121937579F}.Release|Any CPU.Build.0 = Release|Any CPU
		{F26E5523-AA91-4937-BAD7-F1121937579F}.Release|x64.ActiveCfg = Release|Any CPU
		{F26E5523-AA91-4937-BAD7-F1121937579F}.Release|x64.Build.0 = Release|Any CPU
		{F26E5523-AA91-4937-BAD7-F1121937579F}.Release|x86.ActiveCfg = Release|Any CPU
		{F26E5523-AA91-4937-BAD7-F1121937579F}.Release|x86.Build.0 = Release|Any CPU
		{69611730-8F61-4603-B3F8-07524E4A2F56}.Debug|Any CPU.ActiveCfg = Debug|Any CPU
		{69611730-8F61-4603-B3F8-07524E4A2F56}.Debug|Any CPU.Build.0 = Debug|Any CPU
		{69611730-8F61-4603-B3F8-07524E4A2F56}.Debug|x64.ActiveCfg = Debug|Any CPU
		{69611730-8F61-4603-B3F8-07524E4A2F56}.Debug|x64.Build.0 = Debug|Any CPU
		{69611730-8F61-4603-B3F8-07524E4A2F56}.Debug|x86.ActiveCfg = Debug|Any CPU
		{69611730-8F61-4603-B3F8-07524E4A2F56}.Debug|x86.Build.0 = Debug|Any CPU
		{69611730-8F61-4603-B3F8-07524E4A2F56}.Release|Any CPU.ActiveCfg = Release|Any CPU
		{69611730-8F61-4603-B3F8-07524E4A2F56}.Release|Any CPU.Build.0 = Release|Any CPU
		{69611730-8F61-4603-B3F8-07524E4A2F56}.Release|x64.ActiveCfg = Release|Any CPU
		{69611730-8F61-4603-B3F8-07524E4A2F56}.Release|x64.Build.0 = Release|Any CPU
		{69611730-8F61-4603-B3F8-07524E4A2F56}.Release|x86.ActiveCfg = Release|Any CPU
		{69611730-8F61-4603-B3F8-07524E4A2F56}.Release|x86.Build.0 = Release|Any CPU
		{62895BC2-E3B3-4CCD-8085-486221D2A050}.Debug|Any CPU.ActiveCfg = Debug|Any CPU
		{62895BC2-E3B3-4CCD-8085-486221D2A050}.Debug|Any CPU.Build.0 = Debug|Any CPU
		{62895BC2-E3B3-4CCD-8085-486221D2A050}.Debug|x64.ActiveCfg = Debug|Any CPU
		{62895BC2-E3B3-4CCD-8085-486221D2A050}.Debug|x64.Build.0 = Debug|Any CPU
		{62895BC2-E3B3-4CCD-8085-486221D2A050}.Debug|x86.ActiveCfg = Debug|Any CPU
		{62895BC2-E3B3-4CCD-8085-486221D2A050}.Debug|x86.Build.0 = Debug|Any CPU
		{62895BC2-E3B3-4CCD-8085-486221D2A050}.Release|Any CPU.ActiveCfg = Release|Any CPU
		{62895BC2-E3B3-4CCD-8085-486221D2A050}.Release|Any CPU.Build.0 = Release|Any CPU
		{62895BC2-E3B3-4CCD-8085-486221D2A050}.Release|x64.ActiveCfg = Release|Any CPU
		{62895BC2-E3B3-4CCD-8085-486221D2A050}.Release|x64.Build.0 = Release|Any CPU
		{62895BC2-E3B3-4CCD-8085-486221D2A050}.Release|x86.ActiveCfg = Release|Any CPU
		{62895BC2-E3B3-4CCD-8085-486221D2A050}.Release|x86.Build.0 = Release|Any CPU
		{832D3217-7144-4D8A-BA28-E9CC5318F304}.Debug|Any CPU.ActiveCfg = Debug|Any CPU
		{832D3217-7144-4D8A-BA28-E9CC5318F304}.Debug|Any CPU.Build.0 = Debug|Any CPU
		{832D3217-7144-4D8A-BA28-E9CC5318F304}.Debug|x64.ActiveCfg = Debug|Any CPU
		{832D3217-7144-4D8A-BA28-E9CC5318F304}.Debug|x64.Build.0 = Debug|Any CPU
		{832D3217-7144-4D8A-BA28-E9CC5318F304}.Debug|x86.ActiveCfg = Debug|Any CPU
		{832D3217-7144-4D8A-BA28-E9CC5318F304}.Debug|x86.Build.0 = Debug|Any CPU
		{832D3217-7144-4D8A-BA28-E9CC5318F304}.Release|Any CPU.ActiveCfg = Release|Any CPU
		{832D3217-7144-4D8A-BA28-E9CC5318F304}.Release|Any CPU.Build.0 = Release|Any CPU
		{832D3217-7144-4D8A-BA28-E9CC5318F304}.Release|x64.ActiveCfg = Release|Any CPU
		{832D3217-7144-4D8A-BA28-E9CC5318F304}.Release|x64.Build.0 = Release|Any CPU
		{832D3217-7144-4D8A-BA28-E9CC5318F304}.Release|x86.ActiveCfg = Release|Any CPU
		{832D3217-7144-4D8A-BA28-E9CC5318F304}.Release|x86.Build.0 = Release|Any CPU
		{45562984-7DDF-4B0E-809D-00C87CF93380}.Debug|Any CPU.ActiveCfg = Debug|Any CPU
		{45562984-7DDF-4B0E-809D-00C87CF93380}.Debug|Any CPU.Build.0 = Debug|Any CPU
		{45562984-7DDF-4B0E-809D-00C87CF93380}.Debug|x64.ActiveCfg = Debug|Any CPU
		{45562984-7DDF-4B0E-809D-00C87CF93380}.Debug|x64.Build.0 = Debug|Any CPU
		{45562984-7DDF-4B0E-809D-00C87CF93380}.Debug|x86.ActiveCfg = Debug|Any CPU
		{45562984-7DDF-4B0E-809D-00C87CF93380}.Debug|x86.Build.0 = Debug|Any CPU
		{45562984-7DDF-4B0E-809D-00C87CF93380}.Release|Any CPU.ActiveCfg = Release|Any CPU
		{45562984-7DDF-4B0E-809D-00C87CF93380}.Release|Any CPU.Build.0 = Release|Any CPU
		{45562984-7DDF-4B0E-809D-00C87CF93380}.Release|x64.ActiveCfg = Release|Any CPU
		{45562984-7DDF-4B0E-809D-00C87CF93380}.Release|x64.Build.0 = Release|Any CPU
		{45562984-7DDF-4B0E-809D-00C87CF93380}.Release|x86.ActiveCfg = Release|Any CPU
		{45562984-7DDF-4B0E-809D-00C87CF93380}.Release|x86.Build.0 = Release|Any CPU
		{6C0B7F5E-4D72-4177-AD7B-221819767FCF}.Debug|Any CPU.ActiveCfg = Debug|Any CPU
		{6C0B7F5E-4D72-4177-AD7B-221819767FCF}.Debug|Any CPU.Build.0 = Debug|Any CPU
		{6C0B7F5E-4D72-4177-AD7B-221819767FCF}.Debug|x64.ActiveCfg = Debug|Any CPU
		{6C0B7F5E-4D72-4177-AD7B-221819767FCF}.Debug|x64.Build.0 = Debug|Any CPU
		{6C0B7F5E-4D72-4177-AD7B-221819767FCF}.Debug|x86.ActiveCfg = Debug|Any CPU
		{6C0B7F5E-4D72-4177-AD7B-221819767FCF}.Debug|x86.Build.0 = Debug|Any CPU
		{6C0B7F5E-4D72-4177-AD7B-221819767FCF}.Release|Any CPU.ActiveCfg = Release|Any CPU
		{6C0B7F5E-4D72-4177-AD7B-221819767FCF}.Release|Any CPU.Build.0 = Release|Any CPU
		{6C0B7F5E-4D72-4177-AD7B-221819767FCF}.Release|x64.ActiveCfg = Release|Any CPU
		{6C0B7F5E-4D72-4177-AD7B-221819767FCF}.Release|x64.Build.0 = Release|Any CPU
		{6C0B7F5E-4D72-4177-AD7B-221819767FCF}.Release|x86.ActiveCfg = Release|Any CPU
		{6C0B7F5E-4D72-4177-AD7B-221819767FCF}.Release|x86.Build.0 = Release|Any CPU
		{E1988473-7369-435C-8CB7-CDDFF1FC2CAD}.Debug|Any CPU.ActiveCfg = Debug|Any CPU
		{E1988473-7369-435C-8CB7-CDDFF1FC2CAD}.Debug|Any CPU.Build.0 = Debug|Any CPU
		{E1988473-7369-435C-8CB7-CDDFF1FC2CAD}.Debug|x64.ActiveCfg = Debug|Any CPU
		{E1988473-7369-435C-8CB7-CDDFF1FC2CAD}.Debug|x64.Build.0 = Debug|Any CPU
		{E1988473-7369-435C-8CB7-CDDFF1FC2CAD}.Debug|x86.ActiveCfg = Debug|Any CPU
		{E1988473-7369-435C-8CB7-CDDFF1FC2CAD}.Debug|x86.Build.0 = Debug|Any CPU
		{E1988473-7369-435C-8CB7-CDDFF1FC2CAD}.Release|Any CPU.ActiveCfg = Release|Any CPU
		{E1988473-7369-435C-8CB7-CDDFF1FC2CAD}.Release|Any CPU.Build.0 = Release|Any CPU
		{E1988473-7369-435C-8CB7-CDDFF1FC2CAD}.Release|x64.ActiveCfg = Release|Any CPU
		{E1988473-7369-435C-8CB7-CDDFF1FC2CAD}.Release|x64.Build.0 = Release|Any CPU
		{E1988473-7369-435C-8CB7-CDDFF1FC2CAD}.Release|x86.ActiveCfg = Release|Any CPU
		{E1988473-7369-435C-8CB7-CDDFF1FC2CAD}.Release|x86.Build.0 = Release|Any CPU
		{A3AD1896-5683-4765-BA97-90633070C0D1}.Debug|Any CPU.ActiveCfg = Debug|Any CPU
		{A3AD1896-5683-4765-BA97-90633070C0D1}.Debug|Any CPU.Build.0 = Debug|Any CPU
		{A3AD1896-5683-4765-BA97-90633070C0D1}.Debug|x64.ActiveCfg = Debug|Any CPU
		{A3AD1896-5683-4765-BA97-90633070C0D1}.Debug|x64.Build.0 = Debug|Any CPU
		{A3AD1896-5683-4765-BA97-90633070C0D1}.Debug|x86.ActiveCfg = Debug|Any CPU
		{A3AD1896-5683-4765-BA97-90633070C0D1}.Debug|x86.Build.0 = Debug|Any CPU
		{A3AD1896-5683-4765-BA97-90633070C0D1}.Release|Any CPU.ActiveCfg = Release|Any CPU
		{A3AD1896-5683-4765-BA97-90633070C0D1}.Release|Any CPU.Build.0 = Release|Any CPU
		{A3AD1896-5683-4765-BA97-90633070C0D1}.Release|x64.ActiveCfg = Release|Any CPU
		{A3AD1896-5683-4765-BA97-90633070C0D1}.Release|x64.Build.0 = Release|Any CPU
		{A3AD1896-5683-4765-BA97-90633070C0D1}.Release|x86.ActiveCfg = Release|Any CPU
		{A3AD1896-5683-4765-BA97-90633070C0D1}.Release|x86.Build.0 = Release|Any CPU
		{47745EAC-8870-4CEA-B8CE-F7A3B795A689}.Debug|Any CPU.ActiveCfg = Debug|Any CPU
		{47745EAC-8870-4CEA-B8CE-F7A3B795A689}.Debug|Any CPU.Build.0 = Debug|Any CPU
		{47745EAC-8870-4CEA-B8CE-F7A3B795A689}.Debug|x64.ActiveCfg = Debug|Any CPU
		{47745EAC-8870-4CEA-B8CE-F7A3B795A689}.Debug|x64.Build.0 = Debug|Any CPU
		{47745EAC-8870-4CEA-B8CE-F7A3B795A689}.Debug|x86.ActiveCfg = Debug|Any CPU
		{47745EAC-8870-4CEA-B8CE-F7A3B795A689}.Debug|x86.Build.0 = Debug|Any CPU
		{47745EAC-8870-4CEA-B8CE-F7A3B795A689}.Release|Any CPU.ActiveCfg = Release|Any CPU
		{47745EAC-8870-4CEA-B8CE-F7A3B795A689}.Release|Any CPU.Build.0 = Release|Any CPU
		{47745EAC-8870-4CEA-B8CE-F7A3B795A689}.Release|x64.ActiveCfg = Release|Any CPU
		{47745EAC-8870-4CEA-B8CE-F7A3B795A689}.Release|x64.Build.0 = Release|Any CPU
		{47745EAC-8870-4CEA-B8CE-F7A3B795A689}.Release|x86.ActiveCfg = Release|Any CPU
		{47745EAC-8870-4CEA-B8CE-F7A3B795A689}.Release|x86.Build.0 = Release|Any CPU
		{568E6C9A-DB86-48BF-A155-51A6AC200577}.Debug|Any CPU.ActiveCfg = Debug|Any CPU
		{568E6C9A-DB86-48BF-A155-51A6AC200577}.Debug|Any CPU.Build.0 = Debug|Any CPU
		{568E6C9A-DB86-48BF-A155-51A6AC200577}.Debug|x64.ActiveCfg = Debug|Any CPU
		{568E6C9A-DB86-48BF-A155-51A6AC200577}.Debug|x64.Build.0 = Debug|Any CPU
		{568E6C9A-DB86-48BF-A155-51A6AC200577}.Debug|x86.ActiveCfg = Debug|Any CPU
		{568E6C9A-DB86-48BF-A155-51A6AC200577}.Debug|x86.Build.0 = Debug|Any CPU
		{568E6C9A-DB86-48BF-A155-51A6AC200577}.Release|Any CPU.ActiveCfg = Release|Any CPU
		{568E6C9A-DB86-48BF-A155-51A6AC200577}.Release|Any CPU.Build.0 = Release|Any CPU
		{568E6C9A-DB86-48BF-A155-51A6AC200577}.Release|x64.ActiveCfg = Release|Any CPU
		{568E6C9A-DB86-48BF-A155-51A6AC200577}.Release|x64.Build.0 = Release|Any CPU
		{568E6C9A-DB86-48BF-A155-51A6AC200577}.Release|x86.ActiveCfg = Release|Any CPU
		{568E6C9A-DB86-48BF-A155-51A6AC200577}.Release|x86.Build.0 = Release|Any CPU
		{3666A7D2-7E74-44A5-8A26-E7F868D8C4D7}.Debug|Any CPU.ActiveCfg = Debug|Any CPU
		{3666A7D2-7E74-44A5-8A26-E7F868D8C4D7}.Debug|Any CPU.Build.0 = Debug|Any CPU
		{3666A7D2-7E74-44A5-8A26-E7F868D8C4D7}.Debug|x64.ActiveCfg = Debug|Any CPU
		{3666A7D2-7E74-44A5-8A26-E7F868D8C4D7}.Debug|x64.Build.0 = Debug|Any CPU
		{3666A7D2-7E74-44A5-8A26-E7F868D8C4D7}.Debug|x86.ActiveCfg = Debug|Any CPU
		{3666A7D2-7E74-44A5-8A26-E7F868D8C4D7}.Debug|x86.Build.0 = Debug|Any CPU
		{3666A7D2-7E74-44A5-8A26-E7F868D8C4D7}.Release|Any CPU.ActiveCfg = Release|Any CPU
		{3666A7D2-7E74-44A5-8A26-E7F868D8C4D7}.Release|Any CPU.Build.0 = Release|Any CPU
		{3666A7D2-7E74-44A5-8A26-E7F868D8C4D7}.Release|x64.ActiveCfg = Release|Any CPU
		{3666A7D2-7E74-44A5-8A26-E7F868D8C4D7}.Release|x64.Build.0 = Release|Any CPU
		{3666A7D2-7E74-44A5-8A26-E7F868D8C4D7}.Release|x86.ActiveCfg = Release|Any CPU
		{3666A7D2-7E74-44A5-8A26-E7F868D8C4D7}.Release|x86.Build.0 = Release|Any CPU
		{ADD0F384-F108-4899-863C-F570F428F28A}.Debug|Any CPU.ActiveCfg = Debug|Any CPU
		{ADD0F384-F108-4899-863C-F570F428F28A}.Debug|Any CPU.Build.0 = Debug|Any CPU
		{ADD0F384-F108-4899-863C-F570F428F28A}.Debug|x64.ActiveCfg = Debug|Any CPU
		{ADD0F384-F108-4899-863C-F570F428F28A}.Debug|x64.Build.0 = Debug|Any CPU
		{ADD0F384-F108-4899-863C-F570F428F28A}.Debug|x86.ActiveCfg = Debug|Any CPU
		{ADD0F384-F108-4899-863C-F570F428F28A}.Debug|x86.Build.0 = Debug|Any CPU
		{ADD0F384-F108-4899-863C-F570F428F28A}.Release|Any CPU.ActiveCfg = Release|Any CPU
		{ADD0F384-F108-4899-863C-F570F428F28A}.Release|Any CPU.Build.0 = Release|Any CPU
		{ADD0F384-F108-4899-863C-F570F428F28A}.Release|x64.ActiveCfg = Release|Any CPU
		{ADD0F384-F108-4899-863C-F570F428F28A}.Release|x64.Build.0 = Release|Any CPU
		{ADD0F384-F108-4899-863C-F570F428F28A}.Release|x86.ActiveCfg = Release|Any CPU
		{ADD0F384-F108-4899-863C-F570F428F28A}.Release|x86.Build.0 = Release|Any CPU
		{19510597-2C14-40A0-AF83-9CB41C3B288F}.Debug|Any CPU.ActiveCfg = Debug|Any CPU
		{19510597-2C14-40A0-AF83-9CB41C3B288F}.Debug|Any CPU.Build.0 = Debug|Any CPU
		{19510597-2C14-40A0-AF83-9CB41C3B288F}.Debug|x64.ActiveCfg = Debug|Any CPU
		{19510597-2C14-40A0-AF83-9CB41C3B288F}.Debug|x64.Build.0 = Debug|Any CPU
		{19510597-2C14-40A0-AF83-9CB41C3B288F}.Debug|x86.ActiveCfg = Debug|Any CPU
		{19510597-2C14-40A0-AF83-9CB41C3B288F}.Debug|x86.Build.0 = Debug|Any CPU
		{19510597-2C14-40A0-AF83-9CB41C3B288F}.Release|Any CPU.ActiveCfg = Release|Any CPU
		{19510597-2C14-40A0-AF83-9CB41C3B288F}.Release|Any CPU.Build.0 = Release|Any CPU
		{19510597-2C14-40A0-AF83-9CB41C3B288F}.Release|x64.ActiveCfg = Release|Any CPU
		{19510597-2C14-40A0-AF83-9CB41C3B288F}.Release|x64.Build.0 = Release|Any CPU
		{19510597-2C14-40A0-AF83-9CB41C3B288F}.Release|x86.ActiveCfg = Release|Any CPU
		{19510597-2C14-40A0-AF83-9CB41C3B288F}.Release|x86.Build.0 = Release|Any CPU
		{D69AFD62-802C-44EA-98AB-31B338360BF0}.Debug|Any CPU.ActiveCfg = Debug|Any CPU
		{D69AFD62-802C-44EA-98AB-31B338360BF0}.Debug|Any CPU.Build.0 = Debug|Any CPU
		{D69AFD62-802C-44EA-98AB-31B338360BF0}.Debug|x64.ActiveCfg = Debug|Any CPU
		{D69AFD62-802C-44EA-98AB-31B338360BF0}.Debug|x64.Build.0 = Debug|Any CPU
		{D69AFD62-802C-44EA-98AB-31B338360BF0}.Debug|x86.ActiveCfg = Debug|Any CPU
		{D69AFD62-802C-44EA-98AB-31B338360BF0}.Debug|x86.Build.0 = Debug|Any CPU
		{D69AFD62-802C-44EA-98AB-31B338360BF0}.Release|Any CPU.ActiveCfg = Release|Any CPU
		{D69AFD62-802C-44EA-98AB-31B338360BF0}.Release|Any CPU.Build.0 = Release|Any CPU
		{D69AFD62-802C-44EA-98AB-31B338360BF0}.Release|x64.ActiveCfg = Release|Any CPU
		{D69AFD62-802C-44EA-98AB-31B338360BF0}.Release|x64.Build.0 = Release|Any CPU
		{D69AFD62-802C-44EA-98AB-31B338360BF0}.Release|x86.ActiveCfg = Release|Any CPU
		{D69AFD62-802C-44EA-98AB-31B338360BF0}.Release|x86.Build.0 = Release|Any CPU
		{420136CE-73D3-4480-B9DA-EB93D30BC6C5}.Debug|Any CPU.ActiveCfg = Debug|Any CPU
		{420136CE-73D3-4480-B9DA-EB93D30BC6C5}.Debug|Any CPU.Build.0 = Debug|Any CPU
		{420136CE-73D3-4480-B9DA-EB93D30BC6C5}.Debug|x64.ActiveCfg = Debug|Any CPU
		{420136CE-73D3-4480-B9DA-EB93D30BC6C5}.Debug|x64.Build.0 = Debug|Any CPU
		{420136CE-73D3-4480-B9DA-EB93D30BC6C5}.Debug|x86.ActiveCfg = Debug|Any CPU
		{420136CE-73D3-4480-B9DA-EB93D30BC6C5}.Debug|x86.Build.0 = Debug|Any CPU
		{420136CE-73D3-4480-B9DA-EB93D30BC6C5}.Release|Any CPU.ActiveCfg = Release|Any CPU
		{420136CE-73D3-4480-B9DA-EB93D30BC6C5}.Release|Any CPU.Build.0 = Release|Any CPU
		{420136CE-73D3-4480-B9DA-EB93D30BC6C5}.Release|x64.ActiveCfg = Release|Any CPU
		{420136CE-73D3-4480-B9DA-EB93D30BC6C5}.Release|x64.Build.0 = Release|Any CPU
		{420136CE-73D3-4480-B9DA-EB93D30BC6C5}.Release|x86.ActiveCfg = Release|Any CPU
		{420136CE-73D3-4480-B9DA-EB93D30BC6C5}.Release|x86.Build.0 = Release|Any CPU
		{10517C73-BDEF-4207-94D1-19A266752E8D}.Debug|Any CPU.ActiveCfg = Debug|Any CPU
		{10517C73-BDEF-4207-94D1-19A266752E8D}.Debug|Any CPU.Build.0 = Debug|Any CPU
		{10517C73-BDEF-4207-94D1-19A266752E8D}.Debug|x64.ActiveCfg = Debug|Any CPU
		{10517C73-BDEF-4207-94D1-19A266752E8D}.Debug|x64.Build.0 = Debug|Any CPU
		{10517C73-BDEF-4207-94D1-19A266752E8D}.Debug|x86.ActiveCfg = Debug|Any CPU
		{10517C73-BDEF-4207-94D1-19A266752E8D}.Debug|x86.Build.0 = Debug|Any CPU
		{10517C73-BDEF-4207-94D1-19A266752E8D}.Release|Any CPU.ActiveCfg = Release|Any CPU
		{10517C73-BDEF-4207-94D1-19A266752E8D}.Release|Any CPU.Build.0 = Release|Any CPU
		{10517C73-BDEF-4207-94D1-19A266752E8D}.Release|x64.ActiveCfg = Release|Any CPU
		{10517C73-BDEF-4207-94D1-19A266752E8D}.Release|x64.Build.0 = Release|Any CPU
		{10517C73-BDEF-4207-94D1-19A266752E8D}.Release|x86.ActiveCfg = Release|Any CPU
		{10517C73-BDEF-4207-94D1-19A266752E8D}.Release|x86.Build.0 = Release|Any CPU
		{F8A658B9-9C25-4465-818D-558EC84D7C48}.Debug|Any CPU.ActiveCfg = Debug|Any CPU
		{F8A658B9-9C25-4465-818D-558EC84D7C48}.Debug|Any CPU.Build.0 = Debug|Any CPU
		{F8A658B9-9C25-4465-818D-558EC84D7C48}.Debug|x64.ActiveCfg = Debug|Any CPU
		{F8A658B9-9C25-4465-818D-558EC84D7C48}.Debug|x64.Build.0 = Debug|Any CPU
		{F8A658B9-9C25-4465-818D-558EC84D7C48}.Debug|x86.ActiveCfg = Debug|Any CPU
		{F8A658B9-9C25-4465-818D-558EC84D7C48}.Debug|x86.Build.0 = Debug|Any CPU
		{F8A658B9-9C25-4465-818D-558EC84D7C48}.Release|Any CPU.ActiveCfg = Release|Any CPU
		{F8A658B9-9C25-4465-818D-558EC84D7C48}.Release|Any CPU.Build.0 = Release|Any CPU
		{F8A658B9-9C25-4465-818D-558EC84D7C48}.Release|x64.ActiveCfg = Release|Any CPU
		{F8A658B9-9C25-4465-818D-558EC84D7C48}.Release|x64.Build.0 = Release|Any CPU
		{F8A658B9-9C25-4465-818D-558EC84D7C48}.Release|x86.ActiveCfg = Release|Any CPU
		{F8A658B9-9C25-4465-818D-558EC84D7C48}.Release|x86.Build.0 = Release|Any CPU
		{266BFD28-3FFE-456C-9E06-E606393E2174}.Debug|Any CPU.ActiveCfg = Debug|Any CPU
		{266BFD28-3FFE-456C-9E06-E606393E2174}.Debug|Any CPU.Build.0 = Debug|Any CPU
		{266BFD28-3FFE-456C-9E06-E606393E2174}.Debug|x64.ActiveCfg = Debug|Any CPU
		{266BFD28-3FFE-456C-9E06-E606393E2174}.Debug|x64.Build.0 = Debug|Any CPU
		{266BFD28-3FFE-456C-9E06-E606393E2174}.Debug|x86.ActiveCfg = Debug|Any CPU
		{266BFD28-3FFE-456C-9E06-E606393E2174}.Debug|x86.Build.0 = Debug|Any CPU
		{266BFD28-3FFE-456C-9E06-E606393E2174}.Release|Any CPU.ActiveCfg = Release|Any CPU
		{266BFD28-3FFE-456C-9E06-E606393E2174}.Release|Any CPU.Build.0 = Release|Any CPU
		{266BFD28-3FFE-456C-9E06-E606393E2174}.Release|x64.ActiveCfg = Release|Any CPU
		{266BFD28-3FFE-456C-9E06-E606393E2174}.Release|x64.Build.0 = Release|Any CPU
		{266BFD28-3FFE-456C-9E06-E606393E2174}.Release|x86.ActiveCfg = Release|Any CPU
		{266BFD28-3FFE-456C-9E06-E606393E2174}.Release|x86.Build.0 = Release|Any CPU
		{1290C308-8AED-4A77-A4B1-0CE1221D22FE}.Debug|Any CPU.ActiveCfg = Debug|Any CPU
		{1290C308-8AED-4A77-A4B1-0CE1221D22FE}.Debug|Any CPU.Build.0 = Debug|Any CPU
		{1290C308-8AED-4A77-A4B1-0CE1221D22FE}.Debug|x64.ActiveCfg = Debug|Any CPU
		{1290C308-8AED-4A77-A4B1-0CE1221D22FE}.Debug|x64.Build.0 = Debug|Any CPU
		{1290C308-8AED-4A77-A4B1-0CE1221D22FE}.Debug|x86.ActiveCfg = Debug|Any CPU
		{1290C308-8AED-4A77-A4B1-0CE1221D22FE}.Debug|x86.Build.0 = Debug|Any CPU
		{1290C308-8AED-4A77-A4B1-0CE1221D22FE}.Release|Any CPU.ActiveCfg = Release|Any CPU
		{1290C308-8AED-4A77-A4B1-0CE1221D22FE}.Release|Any CPU.Build.0 = Release|Any CPU
		{1290C308-8AED-4A77-A4B1-0CE1221D22FE}.Release|x64.ActiveCfg = Release|Any CPU
		{1290C308-8AED-4A77-A4B1-0CE1221D22FE}.Release|x64.Build.0 = Release|Any CPU
		{1290C308-8AED-4A77-A4B1-0CE1221D22FE}.Release|x86.ActiveCfg = Release|Any CPU
		{1290C308-8AED-4A77-A4B1-0CE1221D22FE}.Release|x86.Build.0 = Release|Any CPU
		{0F4310BB-5280-4427-98A2-559CA9E43222}.Debug|Any CPU.ActiveCfg = Debug|Any CPU
		{0F4310BB-5280-4427-98A2-559CA9E43222}.Debug|Any CPU.Build.0 = Debug|Any CPU
		{0F4310BB-5280-4427-98A2-559CA9E43222}.Debug|x64.ActiveCfg = Debug|Any CPU
		{0F4310BB-5280-4427-98A2-559CA9E43222}.Debug|x64.Build.0 = Debug|Any CPU
		{0F4310BB-5280-4427-98A2-559CA9E43222}.Debug|x86.ActiveCfg = Debug|Any CPU
		{0F4310BB-5280-4427-98A2-559CA9E43222}.Debug|x86.Build.0 = Debug|Any CPU
		{0F4310BB-5280-4427-98A2-559CA9E43222}.Release|Any CPU.ActiveCfg = Release|Any CPU
		{0F4310BB-5280-4427-98A2-559CA9E43222}.Release|Any CPU.Build.0 = Release|Any CPU
		{0F4310BB-5280-4427-98A2-559CA9E43222}.Release|x64.ActiveCfg = Release|Any CPU
		{0F4310BB-5280-4427-98A2-559CA9E43222}.Release|x64.Build.0 = Release|Any CPU
		{0F4310BB-5280-4427-98A2-559CA9E43222}.Release|x86.ActiveCfg = Release|Any CPU
		{0F4310BB-5280-4427-98A2-559CA9E43222}.Release|x86.Build.0 = Release|Any CPU
		{D3D0C4B4-25A1-4576-B878-91BFB102E161}.Debug|Any CPU.ActiveCfg = Debug|Any CPU
		{D3D0C4B4-25A1-4576-B878-91BFB102E161}.Debug|Any CPU.Build.0 = Debug|Any CPU
		{D3D0C4B4-25A1-4576-B878-91BFB102E161}.Debug|x64.ActiveCfg = Debug|Any CPU
		{D3D0C4B4-25A1-4576-B878-91BFB102E161}.Debug|x64.Build.0 = Debug|Any CPU
		{D3D0C4B4-25A1-4576-B878-91BFB102E161}.Debug|x86.ActiveCfg = Debug|Any CPU
		{D3D0C4B4-25A1-4576-B878-91BFB102E161}.Debug|x86.Build.0 = Debug|Any CPU
		{D3D0C4B4-25A1-4576-B878-91BFB102E161}.Release|Any CPU.ActiveCfg = Release|Any CPU
		{D3D0C4B4-25A1-4576-B878-91BFB102E161}.Release|Any CPU.Build.0 = Release|Any CPU
		{D3D0C4B4-25A1-4576-B878-91BFB102E161}.Release|x64.ActiveCfg = Release|Any CPU
		{D3D0C4B4-25A1-4576-B878-91BFB102E161}.Release|x64.Build.0 = Release|Any CPU
		{D3D0C4B4-25A1-4576-B878-91BFB102E161}.Release|x86.ActiveCfg = Release|Any CPU
		{D3D0C4B4-25A1-4576-B878-91BFB102E161}.Release|x86.Build.0 = Release|Any CPU
		{999B662A-A0A2-48AA-BC75-0074D3FB6A16}.Debug|Any CPU.ActiveCfg = Debug|Any CPU
		{999B662A-A0A2-48AA-BC75-0074D3FB6A16}.Debug|Any CPU.Build.0 = Debug|Any CPU
		{999B662A-A0A2-48AA-BC75-0074D3FB6A16}.Debug|x64.ActiveCfg = Debug|Any CPU
		{999B662A-A0A2-48AA-BC75-0074D3FB6A16}.Debug|x64.Build.0 = Debug|Any CPU
		{999B662A-A0A2-48AA-BC75-0074D3FB6A16}.Debug|x86.ActiveCfg = Debug|Any CPU
		{999B662A-A0A2-48AA-BC75-0074D3FB6A16}.Debug|x86.Build.0 = Debug|Any CPU
		{999B662A-A0A2-48AA-BC75-0074D3FB6A16}.Release|Any CPU.ActiveCfg = Release|Any CPU
		{999B662A-A0A2-48AA-BC75-0074D3FB6A16}.Release|Any CPU.Build.0 = Release|Any CPU
		{999B662A-A0A2-48AA-BC75-0074D3FB6A16}.Release|x64.ActiveCfg = Release|Any CPU
		{999B662A-A0A2-48AA-BC75-0074D3FB6A16}.Release|x64.Build.0 = Release|Any CPU
		{999B662A-A0A2-48AA-BC75-0074D3FB6A16}.Release|x86.ActiveCfg = Release|Any CPU
		{999B662A-A0A2-48AA-BC75-0074D3FB6A16}.Release|x86.Build.0 = Release|Any CPU
		{716AC70D-7521-4B01-9305-30EECBBF1F55}.Debug|Any CPU.ActiveCfg = Debug|Any CPU
		{716AC70D-7521-4B01-9305-30EECBBF1F55}.Debug|Any CPU.Build.0 = Debug|Any CPU
		{716AC70D-7521-4B01-9305-30EECBBF1F55}.Debug|x64.ActiveCfg = Debug|Any CPU
		{716AC70D-7521-4B01-9305-30EECBBF1F55}.Debug|x64.Build.0 = Debug|Any CPU
		{716AC70D-7521-4B01-9305-30EECBBF1F55}.Debug|x86.ActiveCfg = Debug|Any CPU
		{716AC70D-7521-4B01-9305-30EECBBF1F55}.Debug|x86.Build.0 = Debug|Any CPU
		{716AC70D-7521-4B01-9305-30EECBBF1F55}.Release|Any CPU.ActiveCfg = Release|Any CPU
		{716AC70D-7521-4B01-9305-30EECBBF1F55}.Release|Any CPU.Build.0 = Release|Any CPU
		{716AC70D-7521-4B01-9305-30EECBBF1F55}.Release|x64.ActiveCfg = Release|Any CPU
		{716AC70D-7521-4B01-9305-30EECBBF1F55}.Release|x64.Build.0 = Release|Any CPU
		{716AC70D-7521-4B01-9305-30EECBBF1F55}.Release|x86.ActiveCfg = Release|Any CPU
		{716AC70D-7521-4B01-9305-30EECBBF1F55}.Release|x86.Build.0 = Release|Any CPU
		{29CEE371-F87C-4034-8054-A81B01210AFF}.Debug|Any CPU.ActiveCfg = Debug|Any CPU
		{29CEE371-F87C-4034-8054-A81B01210AFF}.Debug|Any CPU.Build.0 = Debug|Any CPU
		{29CEE371-F87C-4034-8054-A81B01210AFF}.Debug|x64.ActiveCfg = Debug|Any CPU
		{29CEE371-F87C-4034-8054-A81B01210AFF}.Debug|x64.Build.0 = Debug|Any CPU
		{29CEE371-F87C-4034-8054-A81B01210AFF}.Debug|x86.ActiveCfg = Debug|Any CPU
		{29CEE371-F87C-4034-8054-A81B01210AFF}.Debug|x86.Build.0 = Debug|Any CPU
		{29CEE371-F87C-4034-8054-A81B01210AFF}.Release|Any CPU.ActiveCfg = Release|Any CPU
		{29CEE371-F87C-4034-8054-A81B01210AFF}.Release|Any CPU.Build.0 = Release|Any CPU
		{29CEE371-F87C-4034-8054-A81B01210AFF}.Release|x64.ActiveCfg = Release|Any CPU
		{29CEE371-F87C-4034-8054-A81B01210AFF}.Release|x64.Build.0 = Release|Any CPU
		{29CEE371-F87C-4034-8054-A81B01210AFF}.Release|x86.ActiveCfg = Release|Any CPU
		{29CEE371-F87C-4034-8054-A81B01210AFF}.Release|x86.Build.0 = Release|Any CPU
		{C08584BB-BA57-48BA-8CB8-35334C35D335}.Debug|Any CPU.ActiveCfg = Debug|Any CPU
		{C08584BB-BA57-48BA-8CB8-35334C35D335}.Debug|Any CPU.Build.0 = Debug|Any CPU
		{C08584BB-BA57-48BA-8CB8-35334C35D335}.Debug|x64.ActiveCfg = Debug|Any CPU
		{C08584BB-BA57-48BA-8CB8-35334C35D335}.Debug|x64.Build.0 = Debug|Any CPU
		{C08584BB-BA57-48BA-8CB8-35334C35D335}.Debug|x86.ActiveCfg = Debug|Any CPU
		{C08584BB-BA57-48BA-8CB8-35334C35D335}.Debug|x86.Build.0 = Debug|Any CPU
		{C08584BB-BA57-48BA-8CB8-35334C35D335}.Release|Any CPU.ActiveCfg = Release|Any CPU
		{C08584BB-BA57-48BA-8CB8-35334C35D335}.Release|Any CPU.Build.0 = Release|Any CPU
		{C08584BB-BA57-48BA-8CB8-35334C35D335}.Release|x64.ActiveCfg = Release|Any CPU
		{C08584BB-BA57-48BA-8CB8-35334C35D335}.Release|x64.Build.0 = Release|Any CPU
		{C08584BB-BA57-48BA-8CB8-35334C35D335}.Release|x86.ActiveCfg = Release|Any CPU
		{C08584BB-BA57-48BA-8CB8-35334C35D335}.Release|x86.Build.0 = Release|Any CPU
		{A8147F48-9C71-4F65-88B3-9641E27FED4F}.Debug|Any CPU.ActiveCfg = Debug|Any CPU
		{A8147F48-9C71-4F65-88B3-9641E27FED4F}.Debug|Any CPU.Build.0 = Debug|Any CPU
		{A8147F48-9C71-4F65-88B3-9641E27FED4F}.Debug|x64.ActiveCfg = Debug|Any CPU
		{A8147F48-9C71-4F65-88B3-9641E27FED4F}.Debug|x64.Build.0 = Debug|Any CPU
		{A8147F48-9C71-4F65-88B3-9641E27FED4F}.Debug|x86.ActiveCfg = Debug|Any CPU
		{A8147F48-9C71-4F65-88B3-9641E27FED4F}.Debug|x86.Build.0 = Debug|Any CPU
		{A8147F48-9C71-4F65-88B3-9641E27FED4F}.Release|Any CPU.ActiveCfg = Release|Any CPU
		{A8147F48-9C71-4F65-88B3-9641E27FED4F}.Release|Any CPU.Build.0 = Release|Any CPU
		{A8147F48-9C71-4F65-88B3-9641E27FED4F}.Release|x64.ActiveCfg = Release|Any CPU
		{A8147F48-9C71-4F65-88B3-9641E27FED4F}.Release|x64.Build.0 = Release|Any CPU
		{A8147F48-9C71-4F65-88B3-9641E27FED4F}.Release|x86.ActiveCfg = Release|Any CPU
		{A8147F48-9C71-4F65-88B3-9641E27FED4F}.Release|x86.Build.0 = Release|Any CPU
	EndGlobalSection
	GlobalSection(SolutionProperties) = preSolution
		HideSolutionNode = FALSE
	EndGlobalSection
	GlobalSection(NestedProjects) = preSolution
		{62895BC2-E3B3-4CCD-8085-486221D2A050} = {CBF6E164-D8D8-43D6-B3F6-F045B006342B}
		{832D3217-7144-4D8A-BA28-E9CC5318F304} = {CBF6E164-D8D8-43D6-B3F6-F045B006342B}
		{45562984-7DDF-4B0E-809D-00C87CF93380} = {CBF6E164-D8D8-43D6-B3F6-F045B006342B}
		{6C0B7F5E-4D72-4177-AD7B-221819767FCF} = {CBF6E164-D8D8-43D6-B3F6-F045B006342B}
		{E1988473-7369-435C-8CB7-CDDFF1FC2CAD} = {CBF6E164-D8D8-43D6-B3F6-F045B006342B}
		{A3AD1896-5683-4765-BA97-90633070C0D1} = {CBF6E164-D8D8-43D6-B3F6-F045B006342B}
		{47745EAC-8870-4CEA-B8CE-F7A3B795A689} = {CBF6E164-D8D8-43D6-B3F6-F045B006342B}
		{568E6C9A-DB86-48BF-A155-51A6AC200577} = {CBF6E164-D8D8-43D6-B3F6-F045B006342B}
		{3666A7D2-7E74-44A5-8A26-E7F868D8C4D7} = {CBF6E164-D8D8-43D6-B3F6-F045B006342B}
		{ADD0F384-F108-4899-863C-F570F428F28A} = {CBF6E164-D8D8-43D6-B3F6-F045B006342B}
		{19510597-2C14-40A0-AF83-9CB41C3B288F} = {CBF6E164-D8D8-43D6-B3F6-F045B006342B}
		{D69AFD62-802C-44EA-98AB-31B338360BF0} = {CBF6E164-D8D8-43D6-B3F6-F045B006342B}
		{420136CE-73D3-4480-B9DA-EB93D30BC6C5} = {CBF6E164-D8D8-43D6-B3F6-F045B006342B}
		{10517C73-BDEF-4207-94D1-19A266752E8D} = {CBF6E164-D8D8-43D6-B3F6-F045B006342B}
		{F8A658B9-9C25-4465-818D-558EC84D7C48} = {CBF6E164-D8D8-43D6-B3F6-F045B006342B}
		{266BFD28-3FFE-456C-9E06-E606393E2174} = {CBF6E164-D8D8-43D6-B3F6-F045B006342B}
		{1290C308-8AED-4A77-A4B1-0CE1221D22FE} = {CBF6E164-D8D8-43D6-B3F6-F045B006342B}
		{0F4310BB-5280-4427-98A2-559CA9E43222} = {CBF6E164-D8D8-43D6-B3F6-F045B006342B}
		{D3D0C4B4-25A1-4576-B878-91BFB102E161} = {CBF6E164-D8D8-43D6-B3F6-F045B006342B}
		{999B662A-A0A2-48AA-BC75-0074D3FB6A16} = {CBF6E164-D8D8-43D6-B3F6-F045B006342B}
		{716AC70D-7521-4B01-9305-30EECBBF1F55} = {CBF6E164-D8D8-43D6-B3F6-F045B006342B}
		{29CEE371-F87C-4034-8054-A81B01210AFF} = {CBF6E164-D8D8-43D6-B3F6-F045B006342B}
		{C08584BB-BA57-48BA-8CB8-35334C35D335} = {CBF6E164-D8D8-43D6-B3F6-F045B006342B}
		{A8147F48-9C71-4F65-88B3-9641E27FED4F} = {CBF6E164-D8D8-43D6-B3F6-F045B006342B}
	EndGlobalSection
	GlobalSection(ExtensibilityGlobals) = postSolution
		SolutionGuid = {42B61F7A-94EF-4FC1-8928-3B095EC22EB3}
	EndGlobalSection
EndGlobal
